
Microsoft Visual Studio Solution File, Format Version 12.00
# Visual Studio Version 17
VisualStudioVersion = 17.14.36401.2 d17.14
MinimumVisualStudioVersion = 10.0.40219.1
Project("{FAE04EC0-301F-11D3-BF4B-00C04F79EFBC}") = "Bhuvan Portfolio Site", "Bhuvan Portfolio Site.csproj", "{D4EB0EA4-C4D9-4240-902D-4679DFBEE48D}"
EndProject
Global
	GlobalSection(SolutionConfigurationPlatforms) = preSolution
		Debug|Any CPU = Debug|Any CPU
		Release|Any CPU = Release|Any CPU
	EndGlobalSection
	GlobalSection(ProjectConfigurationPlatforms) = postSolution
		{D4EB0EA4-C4D9-4240-902D-4679DFBEE48D}.Debug|Any CPU.ActiveCfg = Debug|Any CPU
		{D4EB0EA4-C4D9-4240-902D-4679DFBEE48D}.Debug|Any CPU.Build.0 = Debug|Any CPU
		{D4EB0EA4-C4D9-4240-902D-4679DFBEE48D}.Release|Any CPU.ActiveCfg = Release|Any CPU
		{D4EB0EA4-C4D9-4240-902D-4679DFBEE48D}.Release|Any CPU.Build.0 = Release|Any CPU
	EndGlobalSection
	GlobalSection(SolutionProperties) = preSolution
		HideSolutionNode = FALSE
	EndGlobalSection
	GlobalSection(ExtensibilityGlobals) = postSolution
		SolutionGuid = {580BC2AD-48D2-4AB2-8D13-C35A042EA825}
	EndGlobalSection
EndGlobal
